{"version":4,"terraform_version":"1.8.0","serial":2,"lineage":"5266c802-9a23-c262-ceb3-aeb5cc09efff","outputs":{"account_alias":{"value":"gpriya","type":"string"},"bucket_name":{"value":"my-secure-bucket-name","type":"string"},"current_account_id":{"value":"231172409094","type":"string"}},"resources":[{"mode":"data","type":"aws_caller_identity","name":"current","provider":"provider[\"registry.opentofu.org/hashicorp/aws\"]","instances":[{"schema_version":0,"attributes":{"account_id":"231172409094","arn":"arn:aws:sts::231172409094:assumed-role/AWSReservedSSO_AdministratorAccess_f16893eb993b2d05/nickvenky-sso","id":"231172409094","user_id":"AROATLUXTA4DADLXVYGWG:nickvenky-sso"},"sensitive_attributes":[]}]},{"mode":"data","type":"aws_iam_account_alias","name":"current","provider":"provider[\"registry.opentofu.org/hashicorp/aws\"]","instances":[{"schema_version":0,"attributes":{"account_alias":"gpriya","id":"gpriya"},"sensitive_attributes":[]}]},{"mode":"managed","type":"aws_s3_bucket","name":"my_secure_bucket","provider":"provider[\"registry.opentofu.org/hashicorp/aws\"]","instances":[{"schema_version":0,"attributes":{"acceleration_status":"","acl":"private","arn":"arn:aws:s3:::my-secure-bucket-name","bucket":"my-secure-bucket-name","bucket_domain_name":"my-secure-bucket-name.s3.amazonaws.com","bucket_prefix":"","bucket_regional_domain_name":"my-secure-bucket-name.s3.amazonaws.com","cors_rule":[],"force_destroy":false,"grant":[{"id":"6374a2fa564f0b297f0b701043fab057bd3b7b37bb0532c5803d9d5e5b3dba01","permissions":["FULL_CONTROL"],"type":"CanonicalUser","uri":""}],"hosted_zone_id":"Z3AQBSTGFYJSTF","id":"my-secure-bucket-name","lifecycle_rule":[],"logging":[],"object_lock_configuration":[],"object_lock_enabled":false,"policy":"","region":"us-east-1","replication_configuration":[],"request_payer":"BucketOwner","server_side_encryption_configuration":[{"rule":[{"apply_server_side_encryption_by_default":[{"kms_master_key_id":"","sse_algorithm":"AES256"}],"bucket_key_enabled":false}]}],"tags":null,"tags_all":{},"timeouts":null,"versioning":[{"enabled":true,"mfa_delete":false}],"website":[],"website_domain":null,"website_endpoint":null},"sensitive_attributes":[],"private":"eyJlMmJmYjczMC1lY2FhLTExZTYtOGY4OC0zNDM2M2JjN2M0YzAiOnsiY3JlYXRlIjoxMjAwMDAwMDAwMDAwLCJkZWxldGUiOjM2MDAwMDAwMDAwMDAsInJlYWQiOjEyMDAwMDAwMDAwMDAsInVwZGF0ZSI6MTIwMDAwMDAwMDAwMH19"}]},{"mode":"managed","type":"aws_s3_bucket_policy","name":"my_secure_bucket_policy","provider":"provider[\"registry.opentofu.org/hashicorp/aws\"]","instances":[{"schema_version":0,"attributes":{"bucket":"my-secure-bucket-name","id":"my-secure-bucket-name","policy":"{\"Statement\":[{\"Action\":\"s3:*\",\"Effect\":\"Allow\",\"Principal\":{\"AWS\":\"arn:aws:iam::231172409094:root\"},\"Resource\":[\"arn:aws:s3:::my-secure-bucket-name\",\"arn:aws:s3:::my-secure-bucket-name/*\"]}],\"Version\":\"2012-10-17\"}"},"sensitive_attributes":[],"private":"bnVsbA==","dependencies":["aws_s3_bucket.my_secure_bucket","data.aws_caller_identity.current"]}]}],"check_results":null}
