{"version":4,"terraform_version":"1.8.0","serial":11,"lineage":"5266c802-9a23-c262-ceb3-aeb5cc09efff","outputs":{"account_alias":{"value":"gpriya","type":"string"},"bucket_name":{"value":"nickvenky123-resume-bucket","type":"string"},"current_account_id":{"value":"231172409094","type":"string"}},"resources":[{"mode":"data","type":"aws_caller_identity","name":"current","provider":"provider[\"registry.opentofu.org/hashicorp/aws\"]","instances":[{"schema_version":0,"attributes":{"account_id":"231172409094","arn":"arn:aws:sts::231172409094:assumed-role/AWSReservedSSO_AdministratorAccess_f16893eb993b2d05/nickvenky-sso","id":"231172409094","user_id":"AROATLUXTA4DADLXVYGWG:nickvenky-sso"},"sensitive_attributes":[]}]},{"mode":"data","type":"aws_iam_account_alias","name":"current","provider":"provider[\"registry.opentofu.org/hashicorp/aws\"]","instances":[{"schema_version":0,"attributes":{"account_alias":"gpriya","id":"gpriya"},"sensitive_attributes":[]}]},{"mode":"managed","type":"aws_s3_bucket","name":"nickvenky123_resume_bucket","provider":"provider[\"registry.opentofu.org/hashicorp/aws\"]","instances":[{"schema_version":0,"attributes":{"acceleration_status":"","acl":null,"arn":"arn:aws:s3:::nickvenky123-resume-bucket","bucket":"nickvenky123-resume-bucket","bucket_domain_name":"nickvenky123-resume-bucket.s3.amazonaws.com","bucket_prefix":"","bucket_regional_domain_name":"nickvenky123-resume-bucket.s3.amazonaws.com","cors_rule":[],"force_destroy":false,"grant":[{"id":"6374a2fa564f0b297f0b701043fab057bd3b7b37bb0532c5803d9d5e5b3dba01","permissions":["FULL_CONTROL"],"type":"CanonicalUser","uri":""}],"hosted_zone_id":"Z3AQBSTGFYJSTF","id":"nickvenky123-resume-bucket","lifecycle_rule":[],"logging":[],"object_lock_configuration":[],"object_lock_enabled":false,"policy":"{\"Statement\":[{\"Action\":\"s3:*\",\"Effect\":\"Allow\",\"Principal\":{\"AWS\":\"arn:aws:iam::231172409094:root\"},\"Resource\":[\"arn:aws:s3:::nickvenky123-resume-bucket\",\"arn:aws:s3:::nickvenky123-resume-bucket/*\"]}],\"Version\":\"2012-10-17\"}","region":"us-east-1","replication_configuration":[],"request_payer":"BucketOwner","server_side_encryption_configuration":[{"rule":[{"apply_server_side_encryption_by_default":[{"kms_master_key_id":"","sse_algorithm":"AES256"}],"bucket_key_enabled":false}]}],"tags":{},"tags_all":{},"timeouts":null,"versioning":[{"enabled":true,"mfa_delete":false}],"website":[],"website_domain":"s3-website-us-east-1.amazonaws.com","website_endpoint":"nickvenky123-resume-bucket.s3-website-us-east-1.amazonaws.com"},"sensitive_attributes":[],"private":"eyJlMmJmYjczMC1lY2FhLTExZTYtOGY4OC0zNDM2M2JjN2M0YzAiOnsiY3JlYXRlIjoxMjAwMDAwMDAwMDAwLCJkZWxldGUiOjM2MDAwMDAwMDAwMDAsInJlYWQiOjEyMDAwMDAwMDAwMDAsInVwZGF0ZSI6MTIwMDAwMDAwMDAwMH19"}]},{"mode":"managed","type":"aws_s3_bucket_policy","name":"nickvenky123_resume_bucket_policy","provider":"provider[\"registry.opentofu.org/hashicorp/aws\"]","instances":[{"schema_version":0,"attributes":{"bucket":"nickvenky123-resume-bucket","id":"nickvenky123-resume-bucket","policy":"{\"Statement\":[{\"Action\":\"s3:GetObject\",\"Effect\":\"Allow\",\"Principal\":\"*\",\"Resource\":\"arn:aws:s3:::nickvenky123-resume-bucket/*\",\"Sid\":\"PublicReadGetObject\"}],\"Version\":\"2012-10-17\"}"},"sensitive_attributes":[],"private":"bnVsbA==","dependencies":["aws_s3_bucket.nickvenky123_resume_bucket","aws_s3_bucket_public_access_block.nickvenky123_resume_bucket_access_block"]}]},{"mode":"managed","type":"aws_s3_bucket_public_access_block","name":"nickvenky123_resume_bucket_access_block","provider":"provider[\"registry.opentofu.org/hashicorp/aws\"]","instances":[{"schema_version":0,"attributes":{"block_public_acls":false,"block_public_policy":false,"bucket":"nickvenky123-resume-bucket","id":"nickvenky123-resume-bucket","ignore_public_acls":false,"restrict_public_buckets":false},"sensitive_attributes":[],"private":"bnVsbA==","dependencies":["aws_s3_bucket.nickvenky123_resume_bucket"]}]},{"mode":"managed","type":"aws_s3_bucket_server_side_encryption_configuration","name":"nickvenky123_resume_bucket","provider":"provider[\"registry.opentofu.org/hashicorp/aws\"]","instances":[{"schema_version":0,"attributes":{"bucket":"nickvenky123-resume-bucket","expected_bucket_owner":"","id":"nickvenky123-resume-bucket","rule":[{"apply_server_side_encryption_by_default":[{"kms_master_key_id":"","sse_algorithm":"AES256"}],"bucket_key_enabled":false}]},"sensitive_attributes":[],"private":"bnVsbA==","dependencies":["aws_s3_bucket.nickvenky123_resume_bucket"]}]},{"mode":"managed","type":"aws_s3_bucket_versioning","name":"nickvenky123_resume_bucket","provider":"provider[\"registry.opentofu.org/hashicorp/aws\"]","instances":[{"schema_version":0,"attributes":{"bucket":"nickvenky123-resume-bucket","expected_bucket_owner":"","id":"nickvenky123-resume-bucket","mfa":null,"versioning_configuration":[{"mfa_delete":"","status":"Enabled"}]},"sensitive_attributes":[],"private":"bnVsbA==","dependencies":["aws_s3_bucket.nickvenky123_resume_bucket"]}]}],"check_results":null}
