{"version":4,"terraform_version":"1.8.0","serial":22,"lineage":"5266c802-9a23-c262-ceb3-aeb5cc09efff","outputs":{"account_alias":{"value":"gpriya","type":"string"},"bucket_name":{"value":"nickvenky123-resume-bucket","type":"string"},"current_account_id":{"value":"231172409094","type":"string"},"website_url":{"value":"d12mswrpj6rdh5.cloudfront.net","type":"string"}},"resources":[{"mode":"data","type":"aws_caller_identity","name":"current","provider":"provider[\"registry.opentofu.org/hashicorp/aws\"]","instances":[{"schema_version":0,"attributes":{"account_id":"231172409094","arn":"arn:aws:sts::231172409094:assumed-role/AWSReservedSSO_AdministratorAccess_f16893eb993b2d05/nickvenky-sso","id":"231172409094","user_id":"AROATLUXTA4DADLXVYGWG:nickvenky-sso"},"sensitive_attributes":[]}]},{"mode":"data","type":"aws_iam_account_alias","name":"current","provider":"provider[\"registry.opentofu.org/hashicorp/aws\"]","instances":[{"schema_version":0,"attributes":{"account_alias":"gpriya","id":"gpriya"},"sensitive_attributes":[]}]},{"mode":"managed","type":"aws_cloudfront_distribution","name":"distribution","provider":"provider[\"registry.opentofu.org/hashicorp/aws\"]","instances":[{"schema_version":1,"attributes":{"aliases":[],"arn":"arn:aws:cloudfront::231172409094:distribution/E3NB991MMYJPHN","caller_reference":"terraform-20240805195235322300000001","comment":null,"custom_error_response":[],"default_cache_behavior":[{"allowed_methods":["DELETE","GET","HEAD","OPTIONS","PATCH","POST","PUT"],"cache_policy_id":"658327ea-f89d-4fab-a63d-7e88639e58f6","cached_methods":["GET","HEAD"],"compress":true,"default_ttl":0,"field_level_encryption_id":"","forwarded_values":[],"function_association":[],"lambda_function_association":[],"max_ttl":0,"min_ttl":0,"origin_request_policy_id":"","realtime_log_config_arn":"","response_headers_policy_id":"","smooth_streaming":false,"target_origin_id":"nickvenky123-resume-bucket.s3.amazonaws.com","trusted_key_groups":[],"trusted_signers":[],"viewer_protocol_policy":"redirect-to-https"}],"default_root_object":"","domain_name":"d12mswrpj6rdh5.cloudfront.net","enabled":true,"etag":"E32TOIXA3VZMBB","hosted_zone_id":"Z2FDTNDATAQYW2","http_version":"http2","id":"E3NB991MMYJPHN","in_progress_validation_batches":0,"is_ipv6_enabled":true,"last_modified_time":"2024-08-05 22:42:52.789 +0000 UTC","logging_config":[],"ordered_cache_behavior":[],"origin":[{"connection_attempts":3,"connection_timeout":10,"custom_header":[],"custom_origin_config":[],"domain_name":"nickvenky123-resume-bucket.s3.amazonaws.com","origin_access_control_id":"","origin_id":"nickvenky123-resume-bucket.s3.amazonaws.com","origin_path":"","origin_shield":[],"s3_origin_config":[{"origin_access_identity":"origin-access-identity/cloudfront/E2TS54U4C4D7GX"}]}],"origin_group":[],"price_class":"PriceClass_All","restrictions":[{"geo_restriction":[{"locations":[],"restriction_type":"none"}]}],"retain_on_delete":false,"status":"Deployed","tags":{},"tags_all":{},"trusted_key_groups":[{"enabled":false,"items":[]}],"trusted_signers":[{"enabled":false,"items":[]}],"viewer_certificate":[{"acm_certificate_arn":"","cloudfront_default_certificate":true,"iam_certificate_id":"","minimum_protocol_version":"TLSv1","ssl_support_method":""}],"wait_for_deployment":true,"web_acl_id":""},"sensitive_attributes":[],"private":"eyJzY2hlbWFfdmVyc2lvbiI6IjEifQ==","dependencies":["aws_cloudfront_origin_access_identity.nickvenky123_resume","aws_s3_bucket.nickvenky123_resume_bucket"]}]},{"mode":"managed","type":"aws_cloudfront_origin_access_identity","name":"nickvenky123_resume","provider":"provider[\"registry.opentofu.org/hashicorp/aws\"]","instances":[{"schema_version":0,"attributes":{"caller_reference":"terraform-20240805222829648200000001","cloudfront_access_identity_path":"origin-access-identity/cloudfront/E2TS54U4C4D7GX","comment":"nickvenky123_resume","etag":"EYFGDZPVDKU7","iam_arn":"arn:aws:iam::cloudfront:user/CloudFront Origin Access Identity E2TS54U4C4D7GX","id":"E2TS54U4C4D7GX","s3_canonical_user_id":"af512a07f643c74a4a79600d2e7ecc321e8ef8f000f5afa1df10569ae6b450458f79ee0ddc91e05192354dae2ea07c50"},"sensitive_attributes":[],"private":"bnVsbA=="}]},{"mode":"managed","type":"aws_s3_bucket","name":"nickvenky123_resume_bucket","provider":"provider[\"registry.opentofu.org/hashicorp/aws\"]","instances":[{"schema_version":0,"attributes":{"acceleration_status":"","acl":null,"arn":"arn:aws:s3:::nickvenky123-resume-bucket","bucket":"nickvenky123-resume-bucket","bucket_domain_name":"nickvenky123-resume-bucket.s3.amazonaws.com","bucket_prefix":"","bucket_regional_domain_name":"nickvenky123-resume-bucket.s3.amazonaws.com","cors_rule":[],"force_destroy":false,"grant":[{"id":"6374a2fa564f0b297f0b701043fab057bd3b7b37bb0532c5803d9d5e5b3dba01","permissions":["FULL_CONTROL"],"type":"CanonicalUser","uri":""}],"hosted_zone_id":"Z3AQBSTGFYJSTF","id":"nickvenky123-resume-bucket","lifecycle_rule":[],"logging":[],"object_lock_configuration":[],"object_lock_enabled":false,"policy":"{\"Statement\":[{\"Action\":\"s3:GetObject\",\"Effect\":\"Allow\",\"Principal\":\"*\",\"Resource\":\"arn:aws:s3:::nickvenky123-resume-bucket/*\",\"Sid\":\"PublicReadGetObject\"}],\"Version\":\"2012-10-17\"}","region":"us-east-1","replication_configuration":[],"request_payer":"BucketOwner","server_side_encryption_configuration":[{"rule":[{"apply_server_side_encryption_by_default":[{"kms_master_key_id":"","sse_algorithm":"AES256"}],"bucket_key_enabled":false}]}],"tags":{},"tags_all":{},"timeouts":null,"versioning":[{"enabled":true,"mfa_delete":false}],"website":[],"website_domain":"s3-website-us-east-1.amazonaws.com","website_endpoint":"nickvenky123-resume-bucket.s3-website-us-east-1.amazonaws.com"},"sensitive_attributes":[],"private":"eyJlMmJmYjczMC1lY2FhLTExZTYtOGY4OC0zNDM2M2JjN2M0YzAiOnsiY3JlYXRlIjoxMjAwMDAwMDAwMDAwLCJkZWxldGUiOjM2MDAwMDAwMDAwMDAsInJlYWQiOjEyMDAwMDAwMDAwMDAsInVwZGF0ZSI6MTIwMDAwMDAwMDAwMH19"}]},{"mode":"managed","type":"aws_s3_bucket_policy","name":"nickvenky123_resume_bucket_policy","provider":"provider[\"registry.opentofu.org/hashicorp/aws\"]","instances":[{"schema_version":0,"attributes":{"bucket":"nickvenky123-resume-bucket","id":"nickvenky123-resume-bucket","policy":"{\"Statement\":[{\"Action\":\"s3:GetObject\",\"Effect\":\"Allow\",\"Principal\":\"*\",\"Resource\":\"arn:aws:s3:::nickvenky123-resume-bucket/*\",\"Sid\":\"PublicReadGetObject\"}],\"Version\":\"2012-10-17\"}"},"sensitive_attributes":[],"private":"bnVsbA==","dependencies":["aws_s3_bucket.nickvenky123_resume_bucket","aws_s3_bucket_public_access_block.nickvenky123_resume_bucket_access_block"]}]},{"mode":"managed","type":"aws_s3_bucket_public_access_block","name":"nickvenky123_resume_bucket_access_block","provider":"provider[\"registry.opentofu.org/hashicorp/aws\"]","instances":[{"schema_version":0,"attributes":{"block_public_acls":true,"block_public_policy":true,"bucket":"nickvenky123-resume-bucket","id":"nickvenky123-resume-bucket","ignore_public_acls":true,"restrict_public_buckets":false},"sensitive_attributes":[],"private":"bnVsbA==","dependencies":["aws_s3_bucket.nickvenky123_resume_bucket"]}]},{"mode":"managed","type":"aws_s3_bucket_server_side_encryption_configuration","name":"nickvenky123_resume_bucket","provider":"provider[\"registry.opentofu.org/hashicorp/aws\"]","instances":[{"schema_version":0,"attributes":{"bucket":"nickvenky123-resume-bucket","expected_bucket_owner":"","id":"nickvenky123-resume-bucket","rule":[{"apply_server_side_encryption_by_default":[{"kms_master_key_id":"","sse_algorithm":"AES256"}],"bucket_key_enabled":false}]},"sensitive_attributes":[],"private":"bnVsbA==","dependencies":["aws_s3_bucket.nickvenky123_resume_bucket"]}]},{"mode":"managed","type":"aws_s3_bucket_versioning","name":"nickvenky123_resume_bucket","provider":"provider[\"registry.opentofu.org/hashicorp/aws\"]","instances":[{"schema_version":0,"attributes":{"bucket":"nickvenky123-resume-bucket","expected_bucket_owner":"","id":"nickvenky123-resume-bucket","mfa":null,"versioning_configuration":[{"mfa_delete":"","status":"Enabled"}]},"sensitive_attributes":[],"private":"bnVsbA==","dependencies":["aws_s3_bucket.nickvenky123_resume_bucket"]}]}],"check_results":null}
